
Microsoft Visual Studio Solution File, Format Version 12.00
# Visual Studio Version 17
VisualStudioVersion = 17.12.35209.166
MinimumVisualStudioVersion = 10.0.40219.1
Project("{FAE04EC0-301F-11D3-BF4B-00C04F79EFBC}") = "WebSerializer.Generator", "src\WebSerializer.Generator\WebSerializer.Generator.csproj", "{65DC86A7-852C-441F-9E5C-41AC57672EB0}"
EndProject
Project("{2150E333-8FDC-42A3-9474-1A3956D46DE8}") = "src", "src", "{4EC9D6C2-AB7A-4B6E-8CC5-B2DF98782570}"
EndProject
Project("{2150E333-8FDC-42A3-9474-1A3956D46DE8}") = "sandbox", "sandbox", "{BDF496BE-E616-4080-8796-D275B7B82BE0}"
EndProject
Project("{FAE04EC0-301F-11D3-BF4B-00C04F79EFBC}") = "SandboxConsoleApp", "sandbox\SandboxConsoleApp\SandboxConsoleApp.csproj", "{EF1B9021-FCF0-406B-82DD-8B770CC9E1D5}"
EndProject
Project("{2150E333-8FDC-42A3-9474-1A3956D46DE8}") = "tests", "tests", "{3B2C9F7C-6DA8-4362-969A-3B120DC4EFA3}"
EndProject
Project("{FAE04EC0-301F-11D3-BF4B-00C04F79EFBC}") = "WebSerializer.Generator.Tests", "tests\WebSerializer.Generator.Tests\WebSerializer.Generator.Tests.csproj", "{57C060AE-2480-4945-81E2-8F13845430C9}"
EndProject
Global
	GlobalSection(SolutionConfigurationPlatforms) = preSolution
		Debug|Any CPU = Debug|Any CPU
		Release|Any CPU = Release|Any CPU
	EndGlobalSection
	GlobalSection(ProjectConfigurationPlatforms) = postSolution
		{65DC86A7-852C-441F-9E5C-41AC57672EB0}.Debug|Any CPU.ActiveCfg = Debug|Any CPU
		{65DC86A7-852C-441F-9E5C-41AC57672EB0}.Debug|Any CPU.Build.0 = Debug|Any CPU
		{65DC86A7-852C-441F-9E5C-41AC57672EB0}.Release|Any CPU.ActiveCfg = Release|Any CPU
		{65DC86A7-852C-441F-9E5C-41AC57672EB0}.Release|Any CPU.Build.0 = Release|Any CPU
		{EF1B9021-FCF0-406B-82DD-8B770CC9E1D5}.Debug|Any CPU.ActiveCfg = Debug|Any CPU
		{EF1B9021-FCF0-406B-82DD-8B770CC9E1D5}.Debug|Any CPU.Build.0 = Debug|Any CPU
		{EF1B9021-FCF0-406B-82DD-8B770CC9E1D5}.Release|Any CPU.ActiveCfg = Release|Any CPU
		{EF1B9021-FCF0-406B-82DD-8B770CC9E1D5}.Release|Any CPU.Build.0 = Release|Any CPU
		{57C060AE-2480-4945-81E2-8F13845430C9}.Debug|Any CPU.ActiveCfg = Debug|Any CPU
		{57C060AE-2480-4945-81E2-8F13845430C9}.Debug|Any CPU.Build.0 = Debug|Any CPU
		{57C060AE-2480-4945-81E2-8F13845430C9}.Release|Any CPU.ActiveCfg = Release|Any CPU
		{57C060AE-2480-4945-81E2-8F13845430C9}.Release|Any CPU.Build.0 = Release|Any CPU
	EndGlobalSection
	GlobalSection(SolutionProperties) = preSolution
		HideSolutionNode = FALSE
	EndGlobalSection
	GlobalSection(NestedProjects) = preSolution
		{65DC86A7-852C-441F-9E5C-41AC57672EB0} = {4EC9D6C2-AB7A-4B6E-8CC5-B2DF98782570}
		{EF1B9021-FCF0-406B-82DD-8B770CC9E1D5} = {BDF496BE-E616-4080-8796-D275B7B82BE0}
		{57C060AE-2480-4945-81E2-8F13845430C9} = {3B2C9F7C-6DA8-4362-969A-3B120DC4EFA3}
	EndGlobalSection
	GlobalSection(ExtensibilityGlobals) = postSolution
		SolutionGuid = {81363B55-7920-41C5-B7F5-79B040D5C93E}
	EndGlobalSection
EndGlobal
